{
  "nodes": {
    "home-manager": {
      "inputs": {
        "nixpkgs": [
          "nixpkgs"
        ]
      },
      "locked": {
        "lastModified": 1715930644,
        "narHash": "sha256-W9pyM3/vePxrffHtzlJI6lDS3seANQ+Nqp+i58O46LI=",
        "owner": "nix-community",
        "repo": "home-manager",
        "rev": "e3ad5108f54177e6520535768ddbf1e6af54b59d",
        "type": "github"
      },
      "original": {
        "owner": "nix-community",
        "repo": "home-manager",
        "type": "github"
      }
    },
    "nixpkgs": {
      "locked": {
        "lastModified": 1716329855,
        "narHash": "sha256-36j0Fvd1Lb+J8g0YVPZSnqqTR8DWJGfstBKptq4hkVc=",
        "owner": "NixOS",
        "repo": "nixpkgs",
        "rev": "4abe5f8c12fa4046150bb333e4b69e96e684f3cd",
        "type": "github"
      },
      "original": {
        "owner": "NixOS",
        "repo": "nixpkgs",
        "type": "github"
      }
    },
    "root": {
      "inputs": {
        "home-manager": "home-manager",
        "nixpkgs": "nixpkgs"
      }
    }
  },
  "root": "root",
  "version": 7
}
