{
  "nodes": {
    "home-manager": {
      "inputs": {
        "nixpkgs": [
          "nixpkgs"
        ]
      },
      "locked": {
        "lastModified": 1716457508,
        "narHash": "sha256-ZxzffLuWRyuMrkVVq7wastNUqeO0HJL9xqfY1QsYaqo=",
        "owner": "nix-community",
        "repo": "home-manager",
        "rev": "850cb322046ef1a268449cf1ceda5fd24d930b05",
        "type": "github"
      },
      "original": {
        "owner": "nix-community",
        "repo": "home-manager",
        "type": "github"
      }
    },
    "instance-config-file": {
      "flake": false,
      "locked": {
        "narHash": "sha256-GdKw9YsFth1LKHJBmyrREl+VocTw2QTw/eRec3FrXSg=",
        "type": "file",
        "url": "file:///Users/tastycode/workspace/nola-ai/config.json"
      },
      "original": {
        "type": "file",
        "url": "file:///Users/tastycode/workspace/nola-ai/config.json"
      }
    },
    "nixpkgs": {
      "locked": {
        "lastModified": 1716489524,
        "narHash": "sha256-ePXc0TNyOdEHZdfcXLYQMN7qAbjmcuO6RTtHJpox1mE=",
        "owner": "NixOS",
        "repo": "nixpkgs",
        "rev": "9a0eef506d8c0df444a8b7abbf8044cfc3601b68",
        "type": "github"
      },
      "original": {
        "owner": "NixOS",
        "repo": "nixpkgs",
        "type": "github"
      }
    },
    "root": {
      "inputs": {
        "home-manager": "home-manager",
        "instance-config-file": "instance-config-file",
        "nixpkgs": "nixpkgs"
      }
    }
  },
  "root": "root",
  "version": 7
}
